// !$*UTF8*$!
{
	archiveVersion = 1;
	classes = {
	};
	objectVersion = 55;
	objects = {

/* Begin PBXBuildFile section */
		52DFF4D927850165003522E8 /* Ultimate_Plant_Seed_OrganiserApp.swift in Sources */ = {isa = PBXBuildFile; fileRef = 52DFF4D827850165003522E8 /* Ultimate_Plant_Seed_OrganiserApp.swift */; };
		52DFF4DB27850165003522E8 /* CategoryListView.swift in Sources */ = {isa = PBXBuildFile; fileRef = 52DFF4DA27850165003522E8 /* CategoryListView.swift */; };
		52DFF4DD27850166003522E8 /* Assets.xcassets in Resources */ = {isa = PBXBuildFile; fileRef = 52DFF4DC27850166003522E8 /* Assets.xcassets */; };
		52DFF4E027850166003522E8 /* Preview Assets.xcassets in Resources */ = {isa = PBXBuildFile; fileRef = 52DFF4DF27850166003522E8 /* Preview Assets.xcassets */; };
		52DFF4EB27855236003522E8 /* AddCategoryView.swift in Sources */ = {isa = PBXBuildFile; fileRef = 52DFF4EA27855236003522E8 /* AddCategoryView.swift */; };
		52DFF4EF2785559A003522E8 /* PlantCardFlipView.swift in Sources */ = {isa = PBXBuildFile; fileRef = 52DFF4EE2785559A003522E8 /* PlantCardFlipView.swift */; };
		52DFF4F127855BCC003522E8 /* FlipView.swift in Sources */ = {isa = PBXBuildFile; fileRef = 52DFF4F027855BCC003522E8 /* FlipView.swift */; };
		52DFF4F427855C2C003522E8 /* FlipEffect.swift in Sources */ = {isa = PBXBuildFile; fileRef = 52DFF4F327855C2C003522E8 /* FlipEffect.swift */; };
		52DFF4F627855C62003522E8 /* CardFace.swift in Sources */ = {isa = PBXBuildFile; fileRef = 52DFF4F527855C62003522E8 /* CardFace.swift */; };
		52DFF4F827855CF5003522E8 /* FrontCardView.swift in Sources */ = {isa = PBXBuildFile; fileRef = 52DFF4F727855CF5003522E8 /* FrontCardView.swift */; };
		52DFF4FA27855D19003522E8 /* BackCardView.swift in Sources */ = {isa = PBXBuildFile; fileRef = 52DFF4F927855D19003522E8 /* BackCardView.swift */; };
		52DFF4FF27856470003522E8 /* CoreDataRelationshipViewModel.swift in Sources */ = {isa = PBXBuildFile; fileRef = 52DFF4FE27856470003522E8 /* CoreDataRelationshipViewModel.swift */; };
		52DFF501278564D4003522E8 /* CoreDataManager.swift in Sources */ = {isa = PBXBuildFile; fileRef = 52DFF500278564D4003522E8 /* CoreDataManager.swift */; };
		52DFF5042785667B003522E8 /* CoreDataContainer.xcdatamodeld in Sources */ = {isa = PBXBuildFile; fileRef = 52DFF5022785667B003522E8 /* CoreDataContainer.xcdatamodeld */; };
		52DFF50827868743003522E8 /* SearchCategoryView.swift in Sources */ = {isa = PBXBuildFile; fileRef = 52DFF50727868743003522E8 /* SearchCategoryView.swift */; };
		52DFF50B2786F034003522E8 /* CustomStyleForSearchButton.swift in Sources */ = {isa = PBXBuildFile; fileRef = 52DFF50A2786F034003522E8 /* CustomStyleForSearchButton.swift */; };
/* End PBXBuildFile section */

/* Begin PBXFileReference section */
		52DFF4D527850165003522E8 /* Ultimate Plant & Seed Organiser.app */ = {isa = PBXFileReference; explicitFileType = wrapper.application; includeInIndex = 0; path = "Ultimate Plant & Seed Organiser.app"; sourceTree = BUILT_PRODUCTS_DIR; };
		52DFF4D827850165003522E8 /* Ultimate_Plant_Seed_OrganiserApp.swift */ = {isa = PBXFileReference; lastKnownFileType = sourcecode.swift; path = Ultimate_Plant_Seed_OrganiserApp.swift; sourceTree = "<group>"; };
		52DFF4DA27850165003522E8 /* CategoryListView.swift */ = {isa = PBXFileReference; lastKnownFileType = sourcecode.swift; path = CategoryListView.swift; sourceTree = "<group>"; };
		52DFF4DC27850166003522E8 /* Assets.xcassets */ = {isa = PBXFileReference; lastKnownFileType = folder.assetcatalog; path = Assets.xcassets; sourceTree = "<group>"; };
		52DFF4DF27850166003522E8 /* Preview Assets.xcassets */ = {isa = PBXFileReference; lastKnownFileType = folder.assetcatalog; path = "Preview Assets.xcassets"; sourceTree = "<group>"; };
		52DFF4EA27855236003522E8 /* AddCategoryView.swift */ = {isa = PBXFileReference; lastKnownFileType = sourcecode.swift; path = AddCategoryView.swift; sourceTree = "<group>"; };
		52DFF4EE2785559A003522E8 /* PlantCardFlipView.swift */ = {isa = PBXFileReference; lastKnownFileType = sourcecode.swift; path = PlantCardFlipView.swift; sourceTree = "<group>"; };
		52DFF4F027855BCC003522E8 /* FlipView.swift */ = {isa = PBXFileReference; lastKnownFileType = sourcecode.swift; path = FlipView.swift; sourceTree = "<group>"; };
		52DFF4F327855C2C003522E8 /* FlipEffect.swift */ = {isa = PBXFileReference; lastKnownFileType = sourcecode.swift; path = FlipEffect.swift; sourceTree = "<group>"; };
		52DFF4F527855C62003522E8 /* CardFace.swift */ = {isa = PBXFileReference; lastKnownFileType = sourcecode.swift; path = CardFace.swift; sourceTree = "<group>"; };
		52DFF4F727855CF5003522E8 /* FrontCardView.swift */ = {isa = PBXFileReference; lastKnownFileType = sourcecode.swift; path = FrontCardView.swift; sourceTree = "<group>"; };
		52DFF4F927855D19003522E8 /* BackCardView.swift */ = {isa = PBXFileReference; lastKnownFileType = sourcecode.swift; path = BackCardView.swift; sourceTree = "<group>"; };
		52DFF4FE27856470003522E8 /* CoreDataRelationshipViewModel.swift */ = {isa = PBXFileReference; lastKnownFileType = sourcecode.swift; path = CoreDataRelationshipViewModel.swift; sourceTree = "<group>"; };
		52DFF500278564D4003522E8 /* CoreDataManager.swift */ = {isa = PBXFileReference; lastKnownFileType = sourcecode.swift; path = CoreDataManager.swift; sourceTree = "<group>"; };
		52DFF5032785667B003522E8 /* CoreDataContainer.xcdatamodel */ = {isa = PBXFileReference; lastKnownFileType = wrapper.xcdatamodel; path = CoreDataContainer.xcdatamodel; sourceTree = "<group>"; };
		52DFF50727868743003522E8 /* SearchCategoryView.swift */ = {isa = PBXFileReference; lastKnownFileType = sourcecode.swift; path = SearchCategoryView.swift; sourceTree = "<group>"; };
		52DFF50A2786F034003522E8 /* CustomStyleForSearchButton.swift */ = {isa = PBXFileReference; lastKnownFileType = sourcecode.swift; path = CustomStyleForSearchButton.swift; sourceTree = "<group>"; };
/* End PBXFileReference section */

/* Begin PBXFrameworksBuildPhase section */
		52DFF4D227850165003522E8 /* Frameworks */ = {
			isa = PBXFrameworksBuildPhase;
			buildActionMask = 2147483647;
			files = (
			);
			runOnlyForDeploymentPostprocessing = 0;
		};
/* End PBXFrameworksBuildPhase section */

/* Begin PBXGroup section */
		52092A172786FD07001F2048 /* Category */ = {
			isa = PBXGroup;
			children = (
				52DFF4DA27850165003522E8 /* CategoryListView.swift */,
				52DFF50727868743003522E8 /* SearchCategoryView.swift */,
				52DFF4EA27855236003522E8 /* AddCategoryView.swift */,
			);
			path = Category;
			sourceTree = "<group>";
		};
		52092A182786FD40001F2048 /* Plant */ = {
			isa = PBXGroup;
			children = (
			);
			path = Plant;
			sourceTree = "<group>";
		};
		52DFF4CC27850165003522E8 = {
			isa = PBXGroup;
			children = (
				52DFF4D727850165003522E8 /* Ultimate Plant & Seed Organiser */,
				52DFF4D627850165003522E8 /* Products */,
			);
			sourceTree = "<group>";
		};
		52DFF4D627850165003522E8 /* Products */ = {
			isa = PBXGroup;
			children = (
				52DFF4D527850165003522E8 /* Ultimate Plant & Seed Organiser.app */,
			);
			name = Products;
			sourceTree = "<group>";
		};
		52DFF4D727850165003522E8 /* Ultimate Plant & Seed Organiser */ = {
			isa = PBXGroup;
			children = (
				52DFF4D827850165003522E8 /* Ultimate_Plant_Seed_OrganiserApp.swift */,
				52DFF4FD27856451003522E8 /* CoreData */,
				52DFF4FB278561F7003522E8 /* Views */,
				52DFF4F227855C07003522E8 /* CardFlip */,
				52DFF4DC27850166003522E8 /* Assets.xcassets */,
				52DFF4DE27850166003522E8 /* Preview Content */,
			);
			path = "Ultimate Plant & Seed Organiser";
			sourceTree = "<group>";
		};
		52DFF4DE27850166003522E8 /* Preview Content */ = {
			isa = PBXGroup;
			children = (
				52DFF4DF27850166003522E8 /* Preview Assets.xcassets */,
			);
			path = "Preview Content";
			sourceTree = "<group>";
		};
		52DFF4F227855C07003522E8 /* CardFlip */ = {
			isa = PBXGroup;
			children = (
				52DFF4F027855BCC003522E8 /* FlipView.swift */,
				52DFF4F327855C2C003522E8 /* FlipEffect.swift */,
			);
			path = CardFlip;
			sourceTree = "<group>";
		};
		52DFF4FB278561F7003522E8 /* Views */ = {
			isa = PBXGroup;
			children = (
				52092A172786FD07001F2048 /* Category */,
				52092A182786FD40001F2048 /* Plant */,
				52DFF4EE2785559A003522E8 /* PlantCardFlipView.swift */,
				52DFF4FC27856244003522E8 /* Card */,
			);
			path = Views;
			sourceTree = "<group>";
		};
		52DFF4FC27856244003522E8 /* Card */ = {
			isa = PBXGroup;
			children = (
				52DFF4F727855CF5003522E8 /* FrontCardView.swift */,
				52DFF4F927855D19003522E8 /* BackCardView.swift */,
				52DFF4F527855C62003522E8 /* CardFace.swift */,
			);
			path = Card;
			sourceTree = "<group>";
		};
		52DFF4FD27856451003522E8 /* CoreData */ = {
			isa = PBXGroup;
			children = (
				52DFF4FE27856470003522E8 /* CoreDataRelationshipViewModel.swift */,
				52DFF500278564D4003522E8 /* CoreDataManager.swift */,
				52DFF5022785667B003522E8 /* CoreDataContainer.xcdatamodeld */,
				52DFF5092786F01A003522E8 /* Style */,
			);
			path = CoreData;
			sourceTree = "<group>";
		};
		52DFF5092786F01A003522E8 /* Style */ = {
			isa = PBXGroup;
			children = (
				52DFF50A2786F034003522E8 /* CustomStyleForSearchButton.swift */,
			);
			path = Style;
			sourceTree = "<group>";
		};
/* End PBXGroup section */

/* Begin PBXNativeTarget section */
		52DFF4D427850165003522E8 /* Ultimate Plant & Seed Organiser */ = {
			isa = PBXNativeTarget;
			buildConfigurationList = 52DFF4E327850166003522E8 /* Build configuration list for PBXNativeTarget "Ultimate Plant & Seed Organiser" */;
			buildPhases = (
				52DFF4D127850165003522E8 /* Sources */,
				52DFF4D227850165003522E8 /* Frameworks */,
				52DFF4D327850165003522E8 /* Resources */,
			);
			buildRules = (
			);
			dependencies = (
			);
			name = "Ultimate Plant & Seed Organiser";
			productName = "Ultimate Plant & Seed Organiser";
			productReference = 52DFF4D527850165003522E8 /* Ultimate Plant & Seed Organiser.app */;
			productType = "com.apple.product-type.application";
		};
/* End PBXNativeTarget section */

/* Begin PBXProject section */
		52DFF4CD27850165003522E8 /* Project object */ = {
			isa = PBXProject;
			attributes = {
				BuildIndependentTargetsInParallel = 1;
				LastSwiftUpdateCheck = 1320;
				LastUpgradeCheck = 1320;
				TargetAttributes = {
					52DFF4D427850165003522E8 = {
						CreatedOnToolsVersion = 13.2.1;
					};
				};
			};
			buildConfigurationList = 52DFF4D027850165003522E8 /* Build configuration list for PBXProject "Ultimate Plant & Seed Organiser" */;
			compatibilityVersion = "Xcode 13.0";
			developmentRegion = en;
			hasScannedForEncodings = 0;
			knownRegions = (
				en,
				Base,
			);
			mainGroup = 52DFF4CC27850165003522E8;
			productRefGroup = 52DFF4D627850165003522E8 /* Products */;
			projectDirPath = "";
			projectRoot = "";
			targets = (
				52DFF4D427850165003522E8 /* Ultimate Plant & Seed Organiser */,
			);
		};
/* End PBXProject section */

/* Begin PBXResourcesBuildPhase section */
		52DFF4D327850165003522E8 /* Resources */ = {
			isa = PBXResourcesBuildPhase;
			buildActionMask = 2147483647;
			files = (
				52DFF4E027850166003522E8 /* Preview Assets.xcassets in Resources */,
				52DFF4DD27850166003522E8 /* Assets.xcassets in Resources */,
			);
			runOnlyForDeploymentPostprocessing = 0;
		};
/* End PBXResourcesBuildPhase section */

/* Begin PBXSourcesBuildPhase section */
		52DFF4D127850165003522E8 /* Sources */ = {
			isa = PBXSourcesBuildPhase;
			buildActionMask = 2147483647;
			files = (
				52DFF4FA27855D19003522E8 /* BackCardView.swift in Sources */,
				52DFF4F827855CF5003522E8 /* FrontCardView.swift in Sources */,
				52DFF50827868743003522E8 /* SearchCategoryView.swift in Sources */,
				52DFF50B2786F034003522E8 /* CustomStyleForSearchButton.swift in Sources */,
				52DFF5042785667B003522E8 /* CoreDataContainer.xcdatamodeld in Sources */,
				52DFF4FF27856470003522E8 /* CoreDataRelationshipViewModel.swift in Sources */,
				52DFF4F427855C2C003522E8 /* FlipEffect.swift in Sources */,
				52DFF4F627855C62003522E8 /* CardFace.swift in Sources */,
				52DFF4DB27850165003522E8 /* CategoryListView.swift in Sources */,
				52DFF4D927850165003522E8 /* Ultimate_Plant_Seed_OrganiserApp.swift in Sources */,
				52DFF4EB27855236003522E8 /* AddCategoryView.swift in Sources */,
				52DFF4EF2785559A003522E8 /* PlantCardFlipView.swift in Sources */,
				52DFF501278564D4003522E8 /* CoreDataManager.swift in Sources */,
				52DFF4F127855BCC003522E8 /* FlipView.swift in Sources */,
			);
			runOnlyForDeploymentPostprocessing = 0;
		};
/* End PBXSourcesBuildPhase section */

/* Begin XCBuildConfiguration section */
		52DFF4E127850166003522E8 /* Debug */ = {
			isa = XCBuildConfiguration;
			buildSettings = {
				ALWAYS_SEARCH_USER_PATHS = NO;
				CLANG_ANALYZER_NONNULL = YES;
				CLANG_ANALYZER_NUMBER_OBJECT_CONVERSION = YES_AGGRESSIVE;
				CLANG_CXX_LANGUAGE_STANDARD = "gnu++17";
				CLANG_CXX_LIBRARY = "libc++";
				CLANG_ENABLE_MODULES = YES;
				CLANG_ENABLE_OBJC_ARC = YES;
				CLANG_ENABLE_OBJC_WEAK = YES;
				CLANG_WARN_BLOCK_CAPTURE_AUTORELEASING = YES;
				CLANG_WARN_BOOL_CONVERSION = YES;
				CLANG_WARN_COMMA = YES;
				CLANG_WARN_CONSTANT_CONVERSION = YES;
				CLANG_WARN_DEPRECATED_OBJC_IMPLEMENTATIONS = YES;
				CLANG_WARN_DIRECT_OBJC_ISA_USAGE = YES_ERROR;
				CLANG_WARN_DOCUMENTATION_COMMENTS = YES;
				CLANG_WARN_EMPTY_BODY = YES;
				CLANG_WARN_ENUM_CONVERSION = YES;
				CLANG_WARN_INFINITE_RECURSION = YES;
				CLANG_WARN_INT_CONVERSION = YES;
				CLANG_WARN_NON_LITERAL_NULL_CONVERSION = YES;
				CLANG_WARN_OBJC_IMPLICIT_RETAIN_SELF = YES;
				CLANG_WARN_OBJC_LITERAL_CONVERSION = YES;
				CLANG_WARN_OBJC_ROOT_CLASS = YES_ERROR;
				CLANG_WARN_QUOTED_INCLUDE_IN_FRAMEWORK_HEADER = YES;
				CLANG_WARN_RANGE_LOOP_ANALYSIS = YES;
				CLANG_WARN_STRICT_PROTOTYPES = YES;
				CLANG_WARN_SUSPICIOUS_MOVE = YES;
				CLANG_WARN_UNGUARDED_AVAILABILITY = YES_AGGRESSIVE;
				CLANG_WARN_UNREACHABLE_CODE = YES;
				CLANG_WARN__DUPLICATE_METHOD_MATCH = YES;
				COPY_PHASE_STRIP = NO;
				DEBUG_INFORMATION_FORMAT = dwarf;
				ENABLE_STRICT_OBJC_MSGSEND = YES;
				ENABLE_TESTABILITY = YES;
				GCC_C_LANGUAGE_STANDARD = gnu11;
				GCC_DYNAMIC_NO_PIC = NO;
				GCC_NO_COMMON_BLOCKS = YES;
				GCC_OPTIMIZATION_LEVEL = 0;
				GCC_PREPROCESSOR_DEFINITIONS = (
					"DEBUG=1",
					"$(inherited)",
				);
				GCC_WARN_64_TO_32_BIT_CONVERSION = YES;
				GCC_WARN_ABOUT_RETURN_TYPE = YES_ERROR;
				GCC_WARN_UNDECLARED_SELECTOR = YES;
				GCC_WARN_UNINITIALIZED_AUTOS = YES_AGGRESSIVE;
				GCC_WARN_UNUSED_FUNCTION = YES;
				GCC_WARN_UNUSED_VARIABLE = YES;
				IPHONEOS_DEPLOYMENT_TARGET = 15.2;
				MTL_ENABLE_DEBUG_INFO = INCLUDE_SOURCE;
				MTL_FAST_MATH = YES;
				ONLY_ACTIVE_ARCH = YES;
				SDKROOT = iphoneos;
				SWIFT_ACTIVE_COMPILATION_CONDITIONS = DEBUG;
				SWIFT_OPTIMIZATION_LEVEL = "-Onone";
			};
			name = Debug;
		};
		52DFF4E227850166003522E8 /* Release */ = {
			isa = XCBuildConfiguration;
			buildSettings = {
				ALWAYS_SEARCH_USER_PATHS = NO;
				CLANG_ANALYZER_NONNULL = YES;
				CLANG_ANALYZER_NUMBER_OBJECT_CONVERSION = YES_AGGRESSIVE;
				CLANG_CXX_LANGUAGE_STANDARD = "gnu++17";
				CLANG_CXX_LIBRARY = "libc++";
				CLANG_ENABLE_MODULES = YES;
				CLANG_ENABLE_OBJC_ARC = YES;
				CLANG_ENABLE_OBJC_WEAK = YES;
				CLANG_WARN_BLOCK_CAPTURE_AUTORELEASING = YES;
				CLANG_WARN_BOOL_CONVERSION = YES;
				CLANG_WARN_COMMA = YES;
				CLANG_WARN_CONSTANT_CONVERSION = YES;
				CLANG_WARN_DEPRECATED_OBJC_IMPLEMENTATIONS = YES;
				CLANG_WARN_DIRECT_OBJC_ISA_USAGE = YES_ERROR;
				CLANG_WARN_DOCUMENTATION_COMMENTS = YES;
				CLANG_WARN_EMPTY_BODY = YES;
				CLANG_WARN_ENUM_CONVERSION = YES;
				CLANG_WARN_INFINITE_RECURSION = YES;
				CLANG_WARN_INT_CONVERSION = YES;
				CLANG_WARN_NON_LITERAL_NULL_CONVERSION = YES;
				CLANG_WARN_OBJC_IMPLICIT_RETAIN_SELF = YES;
				CLANG_WARN_OBJC_LITERAL_CONVERSION = YES;
				CLANG_WARN_OBJC_ROOT_CLASS = YES_ERROR;
				CLANG_WARN_QUOTED_INCLUDE_IN_FRAMEWORK_HEADER = YES;
				CLANG_WARN_RANGE_LOOP_ANALYSIS = YES;
				CLANG_WARN_STRICT_PROTOTYPES = YES;
				CLANG_WARN_SUSPICIOUS_MOVE = YES;
				CLANG_WARN_UNGUARDED_AVAILABILITY = YES_AGGRESSIVE;
				CLANG_WARN_UNREACHABLE_CODE = YES;
				CLANG_WARN__DUPLICATE_METHOD_MATCH = YES;
				COPY_PHASE_STRIP = NO;
				DEBUG_INFORMATION_FORMAT = "dwarf-with-dsym";
				ENABLE_NS_ASSERTIONS = NO;
				ENABLE_STRICT_OBJC_MSGSEND = YES;
				GCC_C_LANGUAGE_STANDARD = gnu11;
				GCC_NO_COMMON_BLOCKS = YES;
				GCC_WARN_64_TO_32_BIT_CONVERSION = YES;
				GCC_WARN_ABOUT_RETURN_TYPE = YES_ERROR;
				GCC_WARN_UNDECLARED_SELECTOR = YES;
				GCC_WARN_UNINITIALIZED_AUTOS = YES_AGGRESSIVE;
				GCC_WARN_UNUSED_FUNCTION = YES;
				GCC_WARN_UNUSED_VARIABLE = YES;
				IPHONEOS_DEPLOYMENT_TARGET = 15.2;
				MTL_ENABLE_DEBUG_INFO = NO;
				MTL_FAST_MATH = YES;
				SDKROOT = iphoneos;
				SWIFT_COMPILATION_MODE = wholemodule;
				SWIFT_OPTIMIZATION_LEVEL = "-O";
				VALIDATE_PRODUCT = YES;
			};
			name = Release;
		};
		52DFF4E427850166003522E8 /* Debug */ = {
			isa = XCBuildConfiguration;
			buildSettings = {
				ASSETCATALOG_COMPILER_APPICON_NAME = AppIcon;
				ASSETCATALOG_COMPILER_GLOBAL_ACCENT_COLOR_NAME = AccentColor;
				CODE_SIGN_STYLE = Automatic;
				CURRENT_PROJECT_VERSION = 1;
				DEVELOPMENT_ASSET_PATHS = "\"Ultimate Plant & Seed Organiser/Preview Content\"";
				DEVELOPMENT_TEAM = TS49475533;
				ENABLE_PREVIEWS = YES;
				GENERATE_INFOPLIST_FILE = YES;
				INFOPLIST_KEY_UIApplicationSceneManifest_Generation = YES;
				INFOPLIST_KEY_UIApplicationSupportsIndirectInputEvents = YES;
				INFOPLIST_KEY_UILaunchScreen_Generation = YES;
				INFOPLIST_KEY_UISupportedInterfaceOrientations = UIInterfaceOrientationPortrait;
				INFOPLIST_KEY_UISupportedInterfaceOrientations_iPad = "UIInterfaceOrientationPortrait UIInterfaceOrientationPortraitUpsideDown UIInterfaceOrientationLandscapeLeft UIInterfaceOrientationLandscapeRight";
				INFOPLIST_KEY_UISupportedInterfaceOrientations_iPhone = "UIInterfaceOrientationPortrait UIInterfaceOrientationLandscapeLeft UIInterfaceOrientationLandscapeRight";
				LD_RUNPATH_SEARCH_PATHS = (
					"$(inherited)",
					"@executable_path/Frameworks",
				);
				MARKETING_VERSION = 1.0;
				PRODUCT_BUNDLE_IDENTIFIER = "com.permapower.Ultimate-Plant---Seed-Organiser";
				PRODUCT_NAME = "$(TARGET_NAME)";
				SWIFT_EMIT_LOC_STRINGS = YES;
				SWIFT_VERSION = 5.0;
				TARGETED_DEVICE_FAMILY = 1;
			};
			name = Debug;
		};
		52DFF4E527850166003522E8 /* Release */ = {
			isa = XCBuildConfiguration;
			buildSettings = {
				ASSETCATALOG_COMPILER_APPICON_NAME = AppIcon;
				ASSETCATALOG_COMPILER_GLOBAL_ACCENT_COLOR_NAME = AccentColor;
				CODE_SIGN_STYLE = Automatic;
				CURRENT_PROJECT_VERSION = 1;
				DEVELOPMENT_ASSET_PATHS = "\"Ultimate Plant & Seed Organiser/Preview Content\"";
				DEVELOPMENT_TEAM = TS49475533;
				ENABLE_PREVIEWS = YES;
				GENERATE_INFOPLIST_FILE = YES;
				INFOPLIST_KEY_UIApplicationSceneManifest_Generation = YES;
				INFOPLIST_KEY_UIApplicationSupportsIndirectInputEvents = YES;
				INFOPLIST_KEY_UILaunchScreen_Generation = YES;
				INFOPLIST_KEY_UISupportedInterfaceOrientations = UIInterfaceOrientationPortrait;
				INFOPLIST_KEY_UISupportedInterfaceOrientations_iPad = "UIInterfaceOrientationPortrait UIInterfaceOrientationPortraitUpsideDown UIInterfaceOrientationLandscapeLeft UIInterfaceOrientationLandscapeRight";
				INFOPLIST_KEY_UISupportedInterfaceOrientations_iPhone = "UIInterfaceOrientationPortrait UIInterfaceOrientationLandscapeLeft UIInterfaceOrientationLandscapeRight";
				LD_RUNPATH_SEARCH_PATHS = (
					"$(inherited)",
					"@executable_path/Frameworks",
				);
				MARKETING_VERSION = 1.0;
				PRODUCT_BUNDLE_IDENTIFIER = "com.permapower.Ultimate-Plant---Seed-Organiser";
				PRODUCT_NAME = "$(TARGET_NAME)";
				SWIFT_EMIT_LOC_STRINGS = YES;
				SWIFT_VERSION = 5.0;
				TARGETED_DEVICE_FAMILY = 1;
			};
			name = Release;
		};
/* End XCBuildConfiguration section */

/* Begin XCConfigurationList section */
		52DFF4D027850165003522E8 /* Build configuration list for PBXProject "Ultimate Plant & Seed Organiser" */ = {
			isa = XCConfigurationList;
			buildConfigurations = (
				52DFF4E127850166003522E8 /* Debug */,
				52DFF4E227850166003522E8 /* Release */,
			);
			defaultConfigurationIsVisible = 0;
			defaultConfigurationName = Release;
		};
		52DFF4E327850166003522E8 /* Build configuration list for PBXNativeTarget "Ultimate Plant & Seed Organiser" */ = {
			isa = XCConfigurationList;
			buildConfigurations = (
				52DFF4E427850166003522E8 /* Debug */,
				52DFF4E527850166003522E8 /* Release */,
			);
			defaultConfigurationIsVisible = 0;
			defaultConfigurationName = Release;
		};
/* End XCConfigurationList section */

/* Begin XCVersionGroup section */
		52DFF5022785667B003522E8 /* CoreDataContainer.xcdatamodeld */ = {
			isa = XCVersionGroup;
			children = (
				52DFF5032785667B003522E8 /* CoreDataContainer.xcdatamodel */,
			);
			currentVersion = 52DFF5032785667B003522E8 /* CoreDataContainer.xcdatamodel */;
			path = CoreDataContainer.xcdatamodeld;
			sourceTree = "<group>";
			versionGroupType = wrapper.xcdatamodel;
		};
/* End XCVersionGroup section */
	};
	rootObject = 52DFF4CD27850165003522E8 /* Project object */;
}
